{
  "version": 4,
  "terraform_version": "1.14.4",
  "serial": 13,
  "lineage": "9f36e170-3459-0699-73a0-4d9c784ac647",
  "outputs": {
    "model_bucket_name": {
      "value": "kaithi-models-av-52431",
      "type": "string"
    },
    "trainer_ip": {
      "value": "35.202.132.155",
      "type": "string"
    }
  },
  "resources": [
    {
      "mode": "managed",
      "type": "google_compute_firewall",
      "name": "allow_ssh",
      "provider": "provider[\"registry.terraform.io/hashicorp/google\"]",
      "instances": [
        {
          "schema_version": 1,
          "attributes": {
            "allow": [
              {
                "ports": [
                  "22"
                ],
                "protocol": "tcp"
              }
            ],
            "creation_timestamp": "2026-03-03T01:33:55.381-08:00",
            "deny": [],
            "description": "",
            "destination_ranges": [],
            "direction": "INGRESS",
            "disabled": false,
            "enable_logging": null,
            "id": "projects/kaithi-ocr-project/global/firewalls/allow-ssh-kaithi-auto",
            "log_config": [],
            "name": "allow-ssh-kaithi-auto",
            "network": "https://www.googleapis.com/compute/v1/projects/kaithi-ocr-project/global/networks/default",
            "priority": 1000,
            "project": "kaithi-ocr-project",
            "self_link": "https://www.googleapis.com/compute/v1/projects/kaithi-ocr-project/global/firewalls/allow-ssh-kaithi-auto",
            "source_ranges": [
              "0.0.0.0/0"
            ],
            "source_service_accounts": [],
            "source_tags": [],
            "target_service_accounts": [],
            "target_tags": [
              "allow-ssh"
            ],
            "timeouts": null
          },
          "sensitive_attributes": [],
          "identity_schema_version": 0,
          "private": "eyJlMmJmYjczMC1lY2FhLTExZTYtOGY4OC0zNDM2M2JjN2M0YzAiOnsiY3JlYXRlIjoxMjAwMDAwMDAwMDAwLCJkZWxldGUiOjEyMDAwMDAwMDAwMDAsInVwZGF0ZSI6MTIwMDAwMDAwMDAwMH0sInNjaGVtYV92ZXJzaW9uIjoiMSJ9"
        }
      ]
    },
    {
      "mode": "managed",
      "type": "google_compute_instance",
      "name": "kaithi_trainer",
      "provider": "provider[\"registry.terraform.io/hashicorp/google\"]",
      "instances": [
        {
          "schema_version": 6,
          "attributes": {
            "advanced_machine_features": [],
            "allow_stopping_for_update": null,
            "attached_disk": [],
            "boot_disk": [
              {
                "auto_delete": true,
                "device_name": "persistent-disk-0",
                "disk_encryption_key_raw": "",
                "disk_encryption_key_sha256": "",
                "initialize_params": [
                  {
                    "enable_confidential_compute": false,
                    "image": "https://www.googleapis.com/compute/v1/projects/ubuntu-os-cloud/global/images/ubuntu-2204-jammy-v20260226",
                    "labels": {},
                    "provisioned_iops": 0,
                    "provisioned_throughput": 0,
                    "resource_manager_tags": null,
                    "size": 100,
                    "storage_pool": "",
                    "type": "pd-ssd"
                  }
                ],
                "kms_key_self_link": "",
                "mode": "READ_WRITE",
                "source": "https://www.googleapis.com/compute/v1/projects/kaithi-ocr-project/zones/us-central1-a/disks/kaithi-ocr-trainer"
              }
            ],
            "can_ip_forward": false,
            "confidential_instance_config": [],
            "cpu_platform": "AMD Rome",
            "current_status": "RUNNING",
            "deletion_protection": false,
            "description": "",
            "desired_status": null,
            "effective_labels": {},
            "enable_display": false,
            "guest_accelerator": [],
            "hostname": "",
            "id": "projects/kaithi-ocr-project/zones/us-central1-a/instances/kaithi-ocr-trainer",
            "instance_id": "6712577932990812894",
            "label_fingerprint": "42WmSpB8rSM=",
            "labels": null,
            "machine_type": "e2-standard-8",
            "metadata": null,
            "metadata_fingerprint": "gCl4P2F3ryI=",
            "metadata_startup_script": "#!/bin/bash\r\n# Redirect all output to a log file for monitoring\r\nexec \u003e \u003e(tee -a /var/log/startup-script.log) 2\u003e\u00261\r\n\r\necho \"=========================================\"\r\necho \"Starting Automated CPU Kaithi OCR Training...\"\r\necho \"=========================================\"\r\n\r\n# 1. Update and install dependencies\r\nexport DEBIAN_FRONTEND=noninteractive\r\napt-get update\r\napt-get install -y docker.io docker-compose git zip make linux-headers-$(uname -r)\r\n\r\n# 2. Skip GPU installation for Free Tier CPU machine\r\necho \"Configuring for CPU-only Training...\"\r\nsystemctl stop docker\r\nsystemctl start docker\r\n\r\n# 3. Clone the repo and setup\r\necho \"Cloning Repository...\"\r\ncd /opt\r\ngit clone https://github.com/your-org/kaithi-ocr.git\r\ncd kaithi-ocr\r\ncp backend/.env.example backend/.env\r\n\r\n# Add docker permission\r\nusermod -aG docker root\r\n\r\n# 4. Run the Training Pipeline Unattended\r\necho \"Starting Training Pipeline (CPU Mode)...\"\r\nmake up\r\n\r\necho \"Generating Synthetic Data...\"\r\nmake synth-data\r\n\r\necho \"Training the Model (This will take a long time on CPU...)\"\r\nmake train\r\n# The above commands are synchronous, the script will wait here until training finishes.\r\n\r\n# 5. Package the Results\r\necho \"Packaging Model...\"\r\nzip -r my_trained_model.zip ./models/kaithi-trocr-v1/\r\n\r\n# 6. Upload to GCS Bucket\r\necho \"Uploading to GCS...\"\r\nHOME=/root\r\ngsutil cp my_trained_model.zip \"gs://kaithi-models-av-52431/\"\r\n\r\n# 7. Self-Destruction\r\necho \"=========================================\"\r\necho \"Training Complete. Initiating Self-Destruction in 60 seconds...\"\r\necho \"=========================================\"\r\nsleep 60\r\ngcloud compute instances delete kaithi-ocr-trainer --zone=\"us-central1-a\" --quiet\r\n",
            "min_cpu_platform": "",
            "name": "kaithi-ocr-trainer",
            "network_interface": [
              {
                "access_config": [
                  {
                    "nat_ip": "35.202.132.155",
                    "network_tier": "PREMIUM",
                    "public_ptr_domain_name": ""
                  }
                ],
                "alias_ip_range": [],
                "internal_ipv6_prefix_length": 0,
                "ipv6_access_config": [],
                "ipv6_access_type": "",
                "ipv6_address": "",
                "name": "nic0",
                "network": "https://www.googleapis.com/compute/v1/projects/kaithi-ocr-project/global/networks/default",
                "network_ip": "10.128.0.2",
                "nic_type": "",
                "queue_count": 0,
                "stack_type": "IPV4_ONLY",
                "subnetwork": "https://www.googleapis.com/compute/v1/projects/kaithi-ocr-project/regions/us-central1/subnetworks/default",
                "subnetwork_project": "kaithi-ocr-project"
              }
            ],
            "network_performance_config": [],
            "params": [],
            "project": "kaithi-ocr-project",
            "reservation_affinity": [],
            "resource_policies": null,
            "scheduling": [
              {
                "automatic_restart": false,
                "instance_termination_action": "",
                "local_ssd_recovery_timeout": [],
                "max_run_duration": [],
                "min_node_cpus": 0,
                "node_affinities": [],
                "on_host_maintenance": "TERMINATE",
                "on_instance_stop_action": [],
                "preemptible": true,
                "provisioning_model": ""
              }
            ],
            "scratch_disk": [],
            "self_link": "https://www.googleapis.com/compute/v1/projects/kaithi-ocr-project/zones/us-central1-a/instances/kaithi-ocr-trainer",
            "service_account": [
              {
                "email": "kaithi-trainer-sa@kaithi-ocr-project.iam.gserviceaccount.com",
                "scopes": [
                  "https://www.googleapis.com/auth/cloud-platform"
                ]
              }
            ],
            "shielded_instance_config": [
              {
                "enable_integrity_monitoring": true,
                "enable_secure_boot": false,
                "enable_vtpm": true
              }
            ],
            "tags": [
              "allow-ssh"
            ],
            "tags_fingerprint": "SFX9LNAOdG8=",
            "terraform_labels": {},
            "timeouts": null,
            "zone": "us-central1-a"
          },
          "sensitive_attributes": [
            [
              {
                "type": "get_attr",
                "value": "boot_disk"
              },
              {
                "type": "index",
                "value": {
                  "value": 0,
                  "type": "number"
                }
              },
              {
                "type": "get_attr",
                "value": "disk_encryption_key_raw"
              }
            ]
          ],
          "identity_schema_version": 0,
          "private": "eyJlMmJmYjczMC1lY2FhLTExZTYtOGY4OC0zNDM2M2JjN2M0YzAiOnsiY3JlYXRlIjoxMjAwMDAwMDAwMDAwLCJkZWxldGUiOjEyMDAwMDAwMDAwMDAsInVwZGF0ZSI6MTIwMDAwMDAwMDAwMH0sInNjaGVtYV92ZXJzaW9uIjoiNiJ9",
          "dependencies": [
            "google_service_account.kaithi_sa"
          ]
        }
      ]
    },
    {
      "mode": "managed",
      "type": "google_project_iam_member",
      "name": "sa_compute_admin",
      "provider": "provider[\"registry.terraform.io/hashicorp/google\"]",
      "instances": [
        {
          "schema_version": 0,
          "attributes": {
            "condition": [],
            "etag": "BwZMG1oPC3Q=",
            "id": "kaithi-ocr-project/roles/compute.instanceAdmin.v1/serviceAccount:kaithi-trainer-sa@kaithi-ocr-project.iam.gserviceaccount.com",
            "member": "serviceAccount:kaithi-trainer-sa@kaithi-ocr-project.iam.gserviceaccount.com",
            "project": "kaithi-ocr-project",
            "role": "roles/compute.instanceAdmin.v1"
          },
          "sensitive_attributes": [],
          "identity_schema_version": 0,
          "private": "bnVsbA==",
          "dependencies": [
            "google_service_account.kaithi_sa"
          ]
        }
      ]
    },
    {
      "mode": "managed",
      "type": "google_project_iam_member",
      "name": "sa_storage_admin",
      "provider": "provider[\"registry.terraform.io/hashicorp/google\"]",
      "instances": [
        {
          "schema_version": 0,
          "attributes": {
            "condition": [],
            "etag": "BwZMG1oPC3Q=",
            "id": "kaithi-ocr-project/roles/storage.objectAdmin/serviceAccount:kaithi-trainer-sa@kaithi-ocr-project.iam.gserviceaccount.com",
            "member": "serviceAccount:kaithi-trainer-sa@kaithi-ocr-project.iam.gserviceaccount.com",
            "project": "kaithi-ocr-project",
            "role": "roles/storage.objectAdmin"
          },
          "sensitive_attributes": [],
          "identity_schema_version": 0,
          "private": "bnVsbA==",
          "dependencies": [
            "google_service_account.kaithi_sa"
          ]
        }
      ]
    },
    {
      "mode": "managed",
      "type": "google_project_iam_member",
      "name": "sa_user",
      "provider": "provider[\"registry.terraform.io/hashicorp/google\"]",
      "instances": [
        {
          "schema_version": 0,
          "attributes": {
            "condition": [],
            "etag": "BwZMG1oPC3Q=",
            "id": "kaithi-ocr-project/roles/iam.serviceAccountUser/serviceAccount:kaithi-trainer-sa@kaithi-ocr-project.iam.gserviceaccount.com",
            "member": "serviceAccount:kaithi-trainer-sa@kaithi-ocr-project.iam.gserviceaccount.com",
            "project": "kaithi-ocr-project",
            "role": "roles/iam.serviceAccountUser"
          },
          "sensitive_attributes": [],
          "identity_schema_version": 0,
          "private": "bnVsbA==",
          "dependencies": [
            "google_service_account.kaithi_sa"
          ]
        }
      ]
    },
    {
      "mode": "managed",
      "type": "google_service_account",
      "name": "kaithi_sa",
      "provider": "provider[\"registry.terraform.io/hashicorp/google\"]",
      "instances": [
        {
          "schema_version": 0,
          "attributes": {
            "account_id": "kaithi-trainer-sa",
            "create_ignore_already_exists": null,
            "description": "",
            "disabled": false,
            "display_name": "Kaithi OCR Auto-Trainer SA",
            "email": "kaithi-trainer-sa@kaithi-ocr-project.iam.gserviceaccount.com",
            "id": "projects/kaithi-ocr-project/serviceAccounts/kaithi-trainer-sa@kaithi-ocr-project.iam.gserviceaccount.com",
            "member": "serviceAccount:kaithi-trainer-sa@kaithi-ocr-project.iam.gserviceaccount.com",
            "name": "projects/kaithi-ocr-project/serviceAccounts/kaithi-trainer-sa@kaithi-ocr-project.iam.gserviceaccount.com",
            "project": "kaithi-ocr-project",
            "timeouts": null,
            "unique_id": "113212472178504044562"
          },
          "sensitive_attributes": [],
          "identity_schema_version": 0,
          "private": "eyJlMmJmYjczMC1lY2FhLTExZTYtOGY4OC0zNDM2M2JjN2M0YzAiOnsiY3JlYXRlIjozMDAwMDAwMDAwMDB9fQ=="
        }
      ]
    },
    {
      "mode": "managed",
      "type": "google_storage_bucket",
      "name": "model_bucket",
      "provider": "provider[\"registry.terraform.io/hashicorp/google\"]",
      "instances": [
        {
          "schema_version": 2,
          "attributes": {
            "autoclass": [],
            "cors": [],
            "custom_placement_config": [],
            "default_event_based_hold": false,
            "effective_labels": {},
            "enable_object_retention": false,
            "encryption": [],
            "force_destroy": true,
            "id": "kaithi-models-av-52431",
            "labels": {},
            "lifecycle_rule": [],
            "location": "US",
            "logging": [],
            "name": "kaithi-models-av-52431",
            "project": "kaithi-ocr-project",
            "project_number": 524312608629,
            "public_access_prevention": "inherited",
            "requester_pays": false,
            "retention_policy": [],
            "rpo": "DEFAULT",
            "self_link": "https://www.googleapis.com/storage/v1/b/kaithi-models-av-52431",
            "soft_delete_policy": [
              {
                "effective_time": "2026-03-03T09:27:14.129Z",
                "retention_duration_seconds": 604800
              }
            ],
            "storage_class": "STANDARD",
            "terraform_labels": {},
            "timeouts": null,
            "uniform_bucket_level_access": false,
            "url": "gs://kaithi-models-av-52431",
            "versioning": [],
            "website": []
          },
          "sensitive_attributes": [],
          "identity_schema_version": 0,
          "private": "eyJlMmJmYjczMC1lY2FhLTExZTYtOGY4OC0zNDM2M2JjN2M0YzAiOnsiY3JlYXRlIjo2MDAwMDAwMDAwMDAsInJlYWQiOjI0MDAwMDAwMDAwMCwidXBkYXRlIjoyNDAwMDAwMDAwMDB9LCJzY2hlbWFfdmVyc2lvbiI6IjIifQ=="
        }
      ]
    }
  ],
  "check_results": null
}
